<?xml version="1.0" encoding="utf-8"?>
<Project ToolsVersion="4.0" xmlns="http://schemas.microsoft.com/developer/msbuild/2003">
  <ItemGroup>
    <ApplicationDefinition Include="App.xaml" />
  </ItemGroup>
  <ItemGroup>
    <Page Include="AcrylicVisualWindow.xaml">
      <Filter>Window</Filter>
    </Page>
    <Page Include="OverviewWindow.xaml">
      <Filter>Window\OverviewWindow</Filter>
    </Page>
    <Page Include="MainWindow.xaml">
      <Filter>Window\MainWindow</Filter>
    </Page>
  </ItemGroup>
  <ItemGroup>
    <Midl Include="MainWindow.idl" />
    <Midl Include="WindowModel.idl">
      <Filter>Window\OverviewWindow</Filter>
    </Midl>
    <Midl Include="ThumbnailVisualControl.idl">
      <Filter>Window\OverviewWindow</Filter>
    </Midl>
  </ItemGroup>
  <ItemGroup>
    <ClCompile Include="pch.cpp" />
    <ClCompile Include="$(GeneratedFilesDir)module.g.cpp" />
    <ClCompile Include="DirectXFactory.cpp" />
    <ClCompile Include="LayoutFunctions.cpp" />
    <ClCompile Include="DwmPrivateApi.cpp">
      <Filter>PrivateApi</Filter>
    </ClCompile>
    <ClCompile Include="User32PrivateApi.cpp">
      <Filter>PrivateApi</Filter>
    </ClCompile>
    <ClCompile Include="ThumbnailVisualContainerWindow.cpp">
      <Filter>Window</Filter>
    </ClCompile>
    <ClCompile Include="WindowDragEventListener.cpp">
      <Filter>Utils</Filter>
    </ClCompile>
    <ClCompile Include="ThumbnailVisual.cpp">
      <Filter>Visual</Filter>
    </ClCompile>
    <ClCompile Include="RoundedAcrylicVisual.cpp">
      <Filter>Visual</Filter>
    </ClCompile>
    <ClCompile Include="FreezableThumbnailVisual.cpp">
      <Filter>Visual</Filter>
    </ClCompile>
    <ClCompile Include="MouseHookDll.cpp">
      <Filter>PrivateApi</Filter>
    </ClCompile>
    <ClCompile Include="LayoutResult.cpp">
      <Filter>Utils</Filter>
    </ClCompile>
    <ClCompile Include="MonitorWrapper.cpp">
      <Filter>Utils</Filter>
    </ClCompile>
    <ClCompile Include="OverviewWindowFilter.cpp">
      <Filter>Window\OverviewWindow</Filter>
    </ClCompile>
    <ClCompile Include="ButtonLayoutCache.cpp">
      <Filter>Window\MainWindow</Filter>
    </ClCompile>
    <ClCompile Include="OverviewData.cpp">
      <Filter>Window\OverviewWindow</Filter>
    </ClCompile>
  </ItemGroup>
  <ItemGroup>
    <ClInclude Include="pch.h" />
    <ClInclude Include="DirectXFactory.h" />
    <ClInclude Include="LayoutFunctions.h" />
    <ClInclude Include="DwmPrivateApi.h">
      <Filter>PrivateApi</Filter>
    </ClInclude>
    <ClInclude Include="User32PrivateApi.h">
      <Filter>PrivateApi</Filter>
    </ClInclude>
    <ClInclude Include="ThumbnailVisualContainerWindow.h">
      <Filter>Window</Filter>
    </ClInclude>
    <ClInclude Include="WindowDragEventListener.h">
      <Filter>Utils</Filter>
    </ClInclude>
    <ClInclude Include="WindowUtils.hpp">
      <Filter>Utils</Filter>
    </ClInclude>
    <ClInclude Include="ThumbnailVisual.h">
      <Filter>Visual</Filter>
    </ClInclude>
    <ClInclude Include="RoundedAcrylicVisual.h">
      <Filter>Visual</Filter>
    </ClInclude>
    <ClInclude Include="DpiUtils.hpp">
      <Filter>Utils</Filter>
    </ClInclude>
    <ClInclude Include="Interop.hpp">
      <Filter>PrivateApi</Filter>
    </ClInclude>
    <ClInclude Include="BaseWindow.hpp">
      <Filter>Window</Filter>
    </ClInclude>
    <ClInclude Include="FreezableThumbnailVisual.h">
      <Filter>Visual</Filter>
    </ClInclude>
    <ClInclude Include="DebugHelper.hpp">
      <Filter>Utils</Filter>
    </ClInclude>
    <ClInclude Include="MouseHookDll.h">
      <Filter>PrivateApi</Filter>
    </ClInclude>
    <ClInclude Include="INotifyWindowEvent.hpp">
      <Filter>Utils</Filter>
    </ClInclude>
    <ClInclude Include="LayoutResult.h">
      <Filter>Utils</Filter>
    </ClInclude>
    <ClInclude Include="MonitorWrapper.h">
      <Filter>Utils</Filter>
    </ClInclude>
    <ClInclude Include="OverviewWindowFilter.h">
      <Filter>Window\OverviewWindow</Filter>
    </ClInclude>
    <ClInclude Include="ButtonLayoutCache.h">
      <Filter>Window\MainWindow</Filter>
    </ClInclude>
    <ClInclude Include="INotifyWindowMonitorChange.hpp">
      <Filter>Utils</Filter>
    </ClInclude>
    <ClInclude Include="OverviewData.h">
      <Filter>Window\OverviewWindow</Filter>
    </ClInclude>
  </ItemGroup>
  <ItemGroup>
    <Image Include="Assets\Wide310x150Logo.scale-200.png">
      <Filter>Assets</Filter>
    </Image>
    <Image Include="Assets\StoreLogo.png">
      <Filter>Assets</Filter>
    </Image>
    <Image Include="Assets\Square150x150Logo.scale-200.png">
      <Filter>Assets</Filter>
    </Image>
    <Image Include="Assets\Square44x44Logo.targetsize-24_altform-unplated.png">
      <Filter>Assets</Filter>
    </Image>
    <Image Include="Assets\Square44x44Logo.scale-200.png">
      <Filter>Assets</Filter>
    </Image>
    <Image Include="Assets\SplashScreen.scale-200.png">
      <Filter>Assets</Filter>
    </Image>
    <Image Include="Assets\LockScreenLogo.scale-200.png">
      <Filter>Assets</Filter>
    </Image>
  </ItemGroup>
  <ItemGroup>
    <Filter Include="Assets">
      <UniqueIdentifier>{03c1e97e-74f6-4311-8e75-82951eb41de5}</UniqueIdentifier>
    </Filter>
    <Filter Include="PrivateApi">
      <UniqueIdentifier>{120fa4e6-55b9-4301-b9ae-5f2c8afe3437}</UniqueIdentifier>
    </Filter>
    <Filter Include="Window">
      <UniqueIdentifier>{2722804b-6817-4c0a-8fc4-a58e6d7bf9ba}</UniqueIdentifier>
    </Filter>
    <Filter Include="Utils">
      <UniqueIdentifier>{0d0858a4-f374-49ad-b85c-750a5ad2062a}</UniqueIdentifier>
    </Filter>
    <Filter Include="Visual">
      <UniqueIdentifier>{107cbbe8-b6a0-495c-a964-004b513a77a5}</UniqueIdentifier>
    </Filter>
    <Filter Include="Window\OverviewWindow">
      <UniqueIdentifier>{5b400b4b-509f-48e0-9f69-e721d8c83988}</UniqueIdentifier>
    </Filter>
    <Filter Include="Window\MainWindow">
      <UniqueIdentifier>{8ca0f5d4-cc22-4615-84ff-19ac8bd03f74}</UniqueIdentifier>
    </Filter>
  </ItemGroup>
  <ItemGroup>
    <Text Include="readme.txt" />
  </ItemGroup>
  <ItemGroup>
    <Manifest Include="app.manifest" />
  </ItemGroup>
  <ItemGroup>
    <AppxManifest Include="Package.appxmanifest" />
  </ItemGroup>
  <ItemGroup>
    <None Include="packages.config" />
  </ItemGroup>
  <ItemGroup>
    <Natvis Include="$(MSBuildThisFileDirectory)..\..\natvis\wil.natvis" />
    <Natvis Include="$(MSBuildThisFileDirectory)..\..\natvis\wil.natstepfilter" />
  </ItemGroup>
</Project>