
Microsoft Visual Studio Solution File, Format Version 12.00
# Visual Studio Version 17
VisualStudioVersion = 17.13.35931.197
MinimumVisualStudioVersion = 10.0.40219.1
Project("{8BC9CEB8-8B4A-11D0-8D11-00A0C91BC942}") = "SnapLayout", "28-CannotAssignInt64.vcxproj", "{03C1E97E-74F6-4311-8E75-82951EB41DE5}"
EndProject
Project("{8BC9CEB8-8B4A-11D0-8D11-00A0C91BC942}") = "MouseHook", "..\MouseHook\MouseHook.vcxproj", "{F8E100EC-4C2A-4FE0-992D-E60E6381FEDE}"
EndProject
Project("{2150E333-8FDC-42A3-9474-1A3956D46DE8}") = "Solution Items", "Solution Items", "{8EC462FD-D22E-90A8-E5CE-7E832BA40C5D}"
	ProjectSection(SolutionItems) = preProject
		..\README.md = ..\README.md
	EndProjectSection
EndProject
Global
	GlobalSection(SolutionConfigurationPlatforms) = preSolution
		Debug|ARM64 = Debug|ARM64
		Debug|x64 = Debug|x64
		Debug|x86 = Debug|x86
		Release|ARM64 = Release|ARM64
		Release|x64 = Release|x64
		Release|x86 = Release|x86
	EndGlobalSection
	GlobalSection(ProjectConfigurationPlatforms) = postSolution
		{03C1E97E-74F6-4311-8E75-82951EB41DE5}.Debug|ARM64.ActiveCfg = Debug|ARM64
		{03C1E97E-74F6-4311-8E75-82951EB41DE5}.Debug|ARM64.Build.0 = Debug|ARM64
		{03C1E97E-74F6-4311-8E75-82951EB41DE5}.Debug|ARM64.Deploy.0 = Debug|ARM64
		{03C1E97E-74F6-4311-8E75-82951EB41DE5}.Debug|x64.ActiveCfg = Debug|x64
		{03C1E97E-74F6-4311-8E75-82951EB41DE5}.Debug|x64.Build.0 = Debug|x64
		{03C1E97E-74F6-4311-8E75-82951EB41DE5}.Debug|x64.Deploy.0 = Debug|x64
		{03C1E97E-74F6-4311-8E75-82951EB41DE5}.Debug|x86.ActiveCfg = Debug|Win32
		{03C1E97E-74F6-4311-8E75-82951EB41DE5}.Debug|x86.Build.0 = Debug|Win32
		{03C1E97E-74F6-4311-8E75-82951EB41DE5}.Debug|x86.Deploy.0 = Debug|Win32
		{03C1E97E-74F6-4311-8E75-82951EB41DE5}.Release|ARM64.ActiveCfg = Release|ARM64
		{03C1E97E-74F6-4311-8E75-82951EB41DE5}.Release|ARM64.Build.0 = Release|ARM64
		{03C1E97E-74F6-4311-8E75-82951EB41DE5}.Release|ARM64.Deploy.0 = Release|ARM64
		{03C1E97E-74F6-4311-8E75-82951EB41DE5}.Release|x64.ActiveCfg = Release|x64
		{03C1E97E-74F6-4311-8E75-82951EB41DE5}.Release|x64.Build.0 = Release|x64
		{03C1E97E-74F6-4311-8E75-82951EB41DE5}.Release|x64.Deploy.0 = Release|x64
		{03C1E97E-74F6-4311-8E75-82951EB41DE5}.Release|x86.ActiveCfg = Release|Win32
		{03C1E97E-74F6-4311-8E75-82951EB41DE5}.Release|x86.Build.0 = Release|Win32
		{03C1E97E-74F6-4311-8E75-82951EB41DE5}.Release|x86.Deploy.0 = Release|Win32
		{F8E100EC-4C2A-4FE0-992D-E60E6381FEDE}.Debug|ARM64.ActiveCfg = Debug|x64
		{F8E100EC-4C2A-4FE0-992D-E60E6381FEDE}.Debug|ARM64.Build.0 = Debug|x64
		{F8E100EC-4C2A-4FE0-992D-E60E6381FEDE}.Debug|x64.ActiveCfg = Debug|x64
		{F8E100EC-4C2A-4FE0-992D-E60E6381FEDE}.Debug|x64.Build.0 = Debug|x64
		{F8E100EC-4C2A-4FE0-992D-E60E6381FEDE}.Debug|x86.ActiveCfg = Debug|Win32
		{F8E100EC-4C2A-4FE0-992D-E60E6381FEDE}.Debug|x86.Build.0 = Debug|Win32
		{F8E100EC-4C2A-4FE0-992D-E60E6381FEDE}.Release|ARM64.ActiveCfg = Release|x64
		{F8E100EC-4C2A-4FE0-992D-E60E6381FEDE}.Release|ARM64.Build.0 = Release|x64
		{F8E100EC-4C2A-4FE0-992D-E60E6381FEDE}.Release|x64.ActiveCfg = Release|x64
		{F8E100EC-4C2A-4FE0-992D-E60E6381FEDE}.Release|x64.Build.0 = Release|x64
		{F8E100EC-4C2A-4FE0-992D-E60E6381FEDE}.Release|x86.ActiveCfg = Release|Win32
		{F8E100EC-4C2A-4FE0-992D-E60E6381FEDE}.Release|x86.Build.0 = Release|Win32
	EndGlobalSection
	GlobalSection(SolutionProperties) = preSolution
		HideSolutionNode = FALSE
	EndGlobalSection
	GlobalSection(ExtensibilityGlobals) = postSolution
		SolutionGuid = {297132DB-D2D0-425E-B01A-4D0979C68C05}
	EndGlobalSection
EndGlobal
